
Microsoft Visual Studio Solution File, Format Version 12.00
# Visual Studio 15
VisualStudioVersion = 15.0.26730.12
MinimumVisualStudioVersion = 10.0.40219.1
Project("{FAE04EC0-301F-11D3-BF4B-00C04F79EFBC}") = "Akakce.API", "Akakce.API\Akakce.API.csproj", "{959EBF65-7B1D-40F7-84C6-79C38056CA31}"
EndProject
Project("{FAE04EC0-301F-11D3-BF4B-00C04F79EFBC}") = "Akakce.Chatbot", "Akakce.Chatbot\Akakce.Chatbot.csproj", "{FDBBE372-3B58-4CCB-8AE9-F83154E4B0AB}"
EndProject
Global
	GlobalSection(SolutionConfigurationPlatforms) = preSolution
		Debug|Any CPU = Debug|Any CPU
		Release|Any CPU = Release|Any CPU
	EndGlobalSection
	GlobalSection(ProjectConfigurationPlatforms) = postSolution
		{959EBF65-7B1D-40F7-84C6-79C38056CA31}.Debug|Any CPU.ActiveCfg = Debug|Any CPU
		{959EBF65-7B1D-40F7-84C6-79C38056CA31}.Debug|Any CPU.Build.0 = Debug|Any CPU
		{959EBF65-7B1D-40F7-84C6-79C38056CA31}.Release|Any CPU.ActiveCfg = Release|Any CPU
		{959EBF65-7B1D-40F7-84C6-79C38056CA31}.Release|Any CPU.Build.0 = Release|Any CPU
		{FDBBE372-3B58-4CCB-8AE9-F83154E4B0AB}.Debug|Any CPU.ActiveCfg = Debug|Any CPU
		{FDBBE372-3B58-4CCB-8AE9-F83154E4B0AB}.Debug|Any CPU.Build.0 = Debug|Any CPU
		{FDBBE372-3B58-4CCB-8AE9-F83154E4B0AB}.Release|Any CPU.ActiveCfg = Release|Any CPU
		{FDBBE372-3B58-4CCB-8AE9-F83154E4B0AB}.Release|Any CPU.Build.0 = Release|Any CPU
	EndGlobalSection
	GlobalSection(SolutionProperties) = preSolution
		HideSolutionNode = FALSE
	EndGlobalSection
	GlobalSection(ExtensibilityGlobals) = postSolution
		SolutionGuid = {3B3D2B71-79E0-4C4E-8D8B-0C3A018E8CCE}
	EndGlobalSection
EndGlobal
